
Microsoft Visual Studio Solution File, Format Version 12.00
# Visual Studio 2012
Project("{FAE04EC0-301F-11D3-BF4B-00C04F79EFBC}") = "MvcAngularjsDynamicMenu", "MvcAngularjsDynamicMenu\MvcAngularjsDynamicMenu.csproj", "{6461DC02-B5CA-4C33-AB46-8B75F07B31AF}"
EndProject
Global
	GlobalSection(SolutionConfigurationPlatforms) = preSolution
		Debug|Any CPU = Debug|Any CPU
		Release|Any CPU = Release|Any CPU
	EndGlobalSection
	GlobalSection(ProjectConfigurationPlatforms) = postSolution
		{6461DC02-B5CA-4C33-AB46-8B75F07B31AF}.Debug|Any CPU.ActiveCfg = Debug|Any CPU
		{6461DC02-B5CA-4C33-AB46-8B75F07B31AF}.Debug|Any CPU.Build.0 = Debug|Any CPU
		{6461DC02-B5CA-4C33-AB46-8B75F07B31AF}.Release|Any CPU.ActiveCfg = Release|Any CPU
		{6461DC02-B5CA-4C33-AB46-8B75F07B31AF}.Release|Any CPU.Build.0 = Release|Any CPU
	EndGlobalSection
	GlobalSection(SolutionProperties) = preSolution
		HideSolutionNode = FALSE
	EndGlobalSection
EndGlobal
